
Microsoft Visual Studio Solution File, Format Version 12.00
# Visual Studio Version 17
VisualStudioVersion = 17.13.35919.96 d17.13
MinimumVisualStudioVersion = 10.0.40219.1
Project("{FAE04EC0-301F-11D3-BF4B-00C04F79EFBC}") = "BAITAPLAB04", "BAITAPLAB04.csproj", "{7B8E17BB-523C-4F23-806B-DDA6EEBBA18D}"
EndProject
Global
	GlobalSection(SolutionConfigurationPlatforms) = preSolution
		Debug|Any CPU = Debug|Any CPU
		Release|Any CPU = Release|Any CPU
	EndGlobalSection
	GlobalSection(ProjectConfigurationPlatforms) = postSolution
		{7B8E17BB-523C-4F23-806B-DDA6EEBBA18D}.Debug|Any CPU.ActiveCfg = Debug|Any CPU
		{7B8E17BB-523C-4F23-806B-DDA6EEBBA18D}.Debug|Any CPU.Build.0 = Debug|Any CPU
		{7B8E17BB-523C-4F23-806B-DDA6EEBBA18D}.Release|Any CPU.ActiveCfg = Release|Any CPU
		{7B8E17BB-523C-4F23-806B-DDA6EEBBA18D}.Release|Any CPU.Build.0 = Release|Any CPU
	EndGlobalSection
	GlobalSection(SolutionProperties) = preSolution
		HideSolutionNode = FALSE
	EndGlobalSection
	GlobalSection(ExtensibilityGlobals) = postSolution
		SolutionGuid = {F795577B-DA88-46BD-AEE5-2F2AEDD93C8E}
	EndGlobalSection
EndGlobal
