
Microsoft Visual Studio Solution File, Format Version 12.00
# Visual Studio Version 17
VisualStudioVersion = 17.13.35919.96 d17.13
MinimumVisualStudioVersion = 10.0.40219.1
Project("{FAE04EC0-301F-11D3-BF4B-00C04F79EFBC}") = "bai tap", "bai tap\bai tap.csproj", "{7C45A46F-A18D-4EF9-92A5-177A7BCBC477}"
EndProject
Global
	GlobalSection(SolutionConfigurationPlatforms) = preSolution
		Debug|Any CPU = Debug|Any CPU
		Release|Any CPU = Release|Any CPU
	EndGlobalSection
	GlobalSection(ProjectConfigurationPlatforms) = postSolution
		{7C45A46F-A18D-4EF9-92A5-177A7BCBC477}.Debug|Any CPU.ActiveCfg = Debug|Any CPU
		{7C45A46F-A18D-4EF9-92A5-177A7BCBC477}.Debug|Any CPU.Build.0 = Debug|Any CPU
		{7C45A46F-A18D-4EF9-92A5-177A7BCBC477}.Release|Any CPU.ActiveCfg = Release|Any CPU
		{7C45A46F-A18D-4EF9-92A5-177A7BCBC477}.Release|Any CPU.Build.0 = Release|Any CPU
	EndGlobalSection
	GlobalSection(SolutionProperties) = preSolution
		HideSolutionNode = FALSE
	EndGlobalSection
	GlobalSection(ExtensibilityGlobals) = postSolution
		SolutionGuid = {97D24865-1A4C-435F-9B5E-7DFF42A5AA5D}
	EndGlobalSection
EndGlobal
