
Microsoft Visual Studio Solution File, Format Version 12.00
# Visual Studio Version 17
VisualStudioVersion = 17.13.35919.96 d17.13
MinimumVisualStudioVersion = 10.0.40219.1
Project("{FAE04EC0-301F-11D3-BF4B-00C04F79EFBC}") = "baitapLAB0", "baitapLAB0.csproj", "{62E3C428-244C-4BC0-85A6-0C735D1B6F4E}"
EndProject
Global
	GlobalSection(SolutionConfigurationPlatforms) = preSolution
		Debug|Any CPU = Debug|Any CPU
		Release|Any CPU = Release|Any CPU
	EndGlobalSection
	GlobalSection(ProjectConfigurationPlatforms) = postSolution
		{62E3C428-244C-4BC0-85A6-0C735D1B6F4E}.Debug|Any CPU.ActiveCfg = Debug|Any CPU
		{62E3C428-244C-4BC0-85A6-0C735D1B6F4E}.Debug|Any CPU.Build.0 = Debug|Any CPU
		{62E3C428-244C-4BC0-85A6-0C735D1B6F4E}.Release|Any CPU.ActiveCfg = Release|Any CPU
		{62E3C428-244C-4BC0-85A6-0C735D1B6F4E}.Release|Any CPU.Build.0 = Release|Any CPU
	EndGlobalSection
	GlobalSection(SolutionProperties) = preSolution
		HideSolutionNode = FALSE
	EndGlobalSection
	GlobalSection(ExtensibilityGlobals) = postSolution
		SolutionGuid = {5F9E09DB-B10E-490F-B965-E3E66D39F756}
	EndGlobalSection
EndGlobal
